PODS:
  - Anchorage (4.3)
  - FontAwesome.swift (1.4.4)
  - HydraAsync (1.2.1)
  - lottie-ios (2.5.0)
  - Realm (3.11.0):
    - Realm/Headers (= 3.11.0)
  - Realm/Headers (3.11.0)
  - RealmSwift (3.11.0):
    - Realm (= 3.11.0)
  - RxRealm (0.7.5):
    - RealmSwift (~> 3.0)
    - RxSwift (~> 4.0)
  - RxSwift (4.3.1)
  - SDWebImage (4.4.2):
    - SDWebImage/Core (= 4.4.2)
  - SDWebImage/Core (4.4.2)

DEPENDENCIES:
  - Anchorage
  - FontAwesome.swift
  - HydraAsync
  - lottie-ios
  - Realm
  - RealmSwift
  - RxRealm
  - SDWebImage

SPEC REPOS:
  https://github.com/cocoapods/specs.git:
    - Anchorage
    - FontAwesome.swift
    - HydraAsync
    - lottie-ios
    - Realm
    - RealmSwift
    - RxRealm
    - RxSwift
    - SDWebImage

SPEC CHECKSUMS:
  Anchorage: 21a98675245188427f0bcea21404d42a824a766f
  FontAwesome.swift: 17b93524b9f61136a8566344517b8556ed584e87
  HydraAsync: 8f2ab62d57e140b4ca587ae0f66e1eb04e8e6965
  lottie-ios: d699fdee68d7b63e721d949388b015fef1aaa4ac
  Realm: 92f09a102692b96a9a10e9617f214f15c5ab85fc
  RealmSwift: 5f0481cd658bb751c509314b964a35eaa264d2cf
  RxRealm: a6c6c0a07cb61f34209969ca6657734edfdfff30
  RxSwift: fe0fd770a43acdb7d0a53da411c9b892e69bb6e4
  SDWebImage: 624d6e296c69b244bcede364c72ae0430ac14681

PODFILE CHECKSUM: 0444f3dc92867a5cb548982cae0ad5e0e9f54210

COCOAPODS: 1.5.3
