// !$*UTF8*$!
{
	archiveVersion = 1;
	classes = {
	};
	objectVersion = 48;
	objects = {

/* Begin PBXBuildFile section */
		64386CC2C81FEB4C8B52396E /* Pods_cryptotracker.framework in Frameworks */ = {isa = PBXBuildFile; fileRef = D8BEB0F1EFDC20A100237532 /* Pods_cryptotracker.framework */; };
		6CA0A4DA7D42A799AF65D36E /* Pods_cryptotrackerTests.framework in Frameworks */ = {isa = PBXBuildFile; fileRef = 7C62E31BD26B89AC847C2CBF /* Pods_cryptotrackerTests.framework */; };
		B01A35FE1FC8A129007A02F5 /* AppDelegate.swift in Sources */ = {isa = PBXBuildFile; fileRef = B01A35FD1FC8A129007A02F5 /* AppDelegate.swift */; };
		B01A36001FC8A129007A02F5 /* RootTabViewController.swift in Sources */ = {isa = PBXBuildFile; fileRef = B01A35FF1FC8A129007A02F5 /* RootTabViewController.swift */; };
		B01A36051FC8A129007A02F5 /* Assets.xcassets in Resources */ = {isa = PBXBuildFile; fileRef = B01A36041FC8A129007A02F5 /* Assets.xcassets */; };
		B01A36081FC8A129007A02F5 /* LaunchScreen.storyboard in Resources */ = {isa = PBXBuildFile; fileRef = B01A36061FC8A129007A02F5 /* LaunchScreen.storyboard */; };
		B01A36131FC8A129007A02F5 /* cryptotrackerTests.swift in Sources */ = {isa = PBXBuildFile; fileRef = B01A36121FC8A129007A02F5 /* cryptotrackerTests.swift */; };
		B01A361E1FC8A129007A02F5 /* cryptotrackerUITests.swift in Sources */ = {isa = PBXBuildFile; fileRef = B01A361D1FC8A129007A02F5 /* cryptotrackerUITests.swift */; };
		B0228B6F1FC8A614003D5B57 /* MarketViewController.swift in Sources */ = {isa = PBXBuildFile; fileRef = B0228B6E1FC8A614003D5B57 /* MarketViewController.swift */; };
		B0228B711FC8A67D003D5B57 /* MyHoldingsViewController.swift in Sources */ = {isa = PBXBuildFile; fileRef = B0228B701FC8A67D003D5B57 /* MyHoldingsViewController.swift */; };
		B0228B741FC8AC01003D5B57 /* UIColor.swift in Sources */ = {isa = PBXBuildFile; fileRef = B0228B731FC8AC01003D5B57 /* UIColor.swift */; };
		B0228B781FC8DEC7003D5B57 /* CryptoCurrency.swift in Sources */ = {isa = PBXBuildFile; fileRef = B0228B771FC8DEC7003D5B57 /* CryptoCurrency.swift */; };
		B02347051FC92CB1007E4438 /* PillView.swift in Sources */ = {isa = PBXBuildFile; fileRef = B02347041FC92CB1007E4438 /* PillView.swift */; };
		B02347071FC92CD0007E4438 /* MarketCell.swift in Sources */ = {isa = PBXBuildFile; fileRef = B02347061FC92CD0007E4438 /* MarketCell.swift */; };
		B02347091FC9353F007E4438 /* UIViewController.swift in Sources */ = {isa = PBXBuildFile; fileRef = B02347081FC9353F007E4438 /* UIViewController.swift */; };
		B023470B1FC93A14007E4438 /* BlurLoadingViewController.swift in Sources */ = {isa = PBXBuildFile; fileRef = B023470A1FC93A14007E4438 /* BlurLoadingViewController.swift */; };
		B023470D1FC93A2B007E4438 /* Market Header View.swift in Sources */ = {isa = PBXBuildFile; fileRef = B023470C1FC93A2B007E4438 /* Market Header View.swift */; };
		B023470F1FC94BFB007E4438 /* CryptoDetailCell.swift in Sources */ = {isa = PBXBuildFile; fileRef = B023470E1FC94BFB007E4438 /* CryptoDetailCell.swift */; };
		B02347111FC94C1C007E4438 /* CryptoDetailViewController.swift in Sources */ = {isa = PBXBuildFile; fileRef = B02347101FC94C1C007E4438 /* CryptoDetailViewController.swift */; };
		B02347131FC95BEF007E4438 /* RealmCrudHelper.swift in Sources */ = {isa = PBXBuildFile; fileRef = B02347121FC95BEF007E4438 /* RealmCrudHelper.swift */; };
		B02347151FC95C38007E4438 /* CryptoCurrencyHelper.swift in Sources */ = {isa = PBXBuildFile; fileRef = B02347141FC95C38007E4438 /* CryptoCurrencyHelper.swift */; };
		B02347171FCA0C28007E4438 /* NSNumerFormatter.swift in Sources */ = {isa = PBXBuildFile; fileRef = B02347161FCA0C28007E4438 /* NSNumerFormatter.swift */; };
		B02347191FD345E7007E4438 /* gears.json in Resources */ = {isa = PBXBuildFile; fileRef = B02347181FD345E7007E4438 /* gears.json */; };
		B0959D1B1FC8A3A10028F404 /* FontAwesomeHelper.swift in Sources */ = {isa = PBXBuildFile; fileRef = B0959D1A1FC8A3A10028F404 /* FontAwesomeHelper.swift */; };
		B0B78A8C20FAB4B00012FD05 /* Double.swift in Sources */ = {isa = PBXBuildFile; fileRef = B0B78A8B20FAB4B00012FD05 /* Double.swift */; };
		B0B7AC972038DE0800FBE0C5 /* rejection.json in Resources */ = {isa = PBXBuildFile; fileRef = B0B7AC962038DE0800FBE0C5 /* rejection.json */; };
		B0EFF6D420F6F90700A76633 /* CryptoCurrencyService.swift in Sources */ = {isa = PBXBuildFile; fileRef = B0EFF6D320F6F90700A76633 /* CryptoCurrencyService.swift */; };
		EF538B0C2FFEA7D351E1C5C1 /* Pods_cryptotrackerUITests.framework in Frameworks */ = {isa = PBXBuildFile; fileRef = F2B67DD15C5CBAFD450CF1EA /* Pods_cryptotrackerUITests.framework */; };
/* End PBXBuildFile section */

/* Begin PBXContainerItemProxy section */
		B01A360F1FC8A129007A02F5 /* PBXContainerItemProxy */ = {
			isa = PBXContainerItemProxy;
			containerPortal = B01A35F21FC8A129007A02F5 /* Project object */;
			proxyType = 1;
			remoteGlobalIDString = B01A35F91FC8A129007A02F5;
			remoteInfo = cryptotracker;
		};
		B01A361A1FC8A129007A02F5 /* PBXContainerItemProxy */ = {
			isa = PBXContainerItemProxy;
			containerPortal = B01A35F21FC8A129007A02F5 /* Project object */;
			proxyType = 1;
			remoteGlobalIDString = B01A35F91FC8A129007A02F5;
			remoteInfo = cryptotracker;
		};
/* End PBXContainerItemProxy section */

/* Begin PBXFileReference section */
		3DC8D882C2E78D40D10FE612 /* Pods-cryptotrackerUITests.debug.xcconfig */ = {isa = PBXFileReference; includeInIndex = 1; lastKnownFileType = text.xcconfig; name = "Pods-cryptotrackerUITests.debug.xcconfig"; path = "Pods/Target Support Files/Pods-cryptotrackerUITests/Pods-cryptotrackerUITests.debug.xcconfig"; sourceTree = "<group>"; };
		7B5A4B590D5EFBE7B07A3F11 /* Pods-cryptotrackerTests.release.xcconfig */ = {isa = PBXFileReference; includeInIndex = 1; lastKnownFileType = text.xcconfig; name = "Pods-cryptotrackerTests.release.xcconfig"; path = "Pods/Target Support Files/Pods-cryptotrackerTests/Pods-cryptotrackerTests.release.xcconfig"; sourceTree = "<group>"; };
		7C62E31BD26B89AC847C2CBF /* Pods_cryptotrackerTests.framework */ = {isa = PBXFileReference; explicitFileType = wrapper.framework; includeInIndex = 0; path = Pods_cryptotrackerTests.framework; sourceTree = BUILT_PRODUCTS_DIR; };
		84C5E547BB125DBA5C874E5A /* Pods-cryptotrackerTests.debug.xcconfig */ = {isa = PBXFileReference; includeInIndex = 1; lastKnownFileType = text.xcconfig; name = "Pods-cryptotrackerTests.debug.xcconfig"; path = "Pods/Target Support Files/Pods-cryptotrackerTests/Pods-cryptotrackerTests.debug.xcconfig"; sourceTree = "<group>"; };
		B01A35FA1FC8A129007A02F5 /* cryptotracker.app */ = {isa = PBXFileReference; explicitFileType = wrapper.application; includeInIndex = 0; path = cryptotracker.app; sourceTree = BUILT_PRODUCTS_DIR; };
		B01A35FD1FC8A129007A02F5 /* AppDelegate.swift */ = {isa = PBXFileReference; lastKnownFileType = sourcecode.swift; path = AppDelegate.swift; sourceTree = "<group>"; };
		B01A35FF1FC8A129007A02F5 /* RootTabViewController.swift */ = {isa = PBXFileReference; lastKnownFileType = sourcecode.swift; path = RootTabViewController.swift; sourceTree = "<group>"; };
		B01A36041FC8A129007A02F5 /* Assets.xcassets */ = {isa = PBXFileReference; lastKnownFileType = folder.assetcatalog; path = Assets.xcassets; sourceTree = "<group>"; };
		B01A36071FC8A129007A02F5 /* Base */ = {isa = PBXFileReference; lastKnownFileType = file.storyboard; name = Base; path = Base.lproj/LaunchScreen.storyboard; sourceTree = "<group>"; };
		B01A36091FC8A129007A02F5 /* Info.plist */ = {isa = PBXFileReference; lastKnownFileType = text.plist.xml; path = Info.plist; sourceTree = "<group>"; };
		B01A360E1FC8A129007A02F5 /* cryptotrackerTests.xctest */ = {isa = PBXFileReference; explicitFileType = wrapper.cfbundle; includeInIndex = 0; path = cryptotrackerTests.xctest; sourceTree = BUILT_PRODUCTS_DIR; };
		B01A36121FC8A129007A02F5 /* cryptotrackerTests.swift */ = {isa = PBXFileReference; lastKnownFileType = sourcecode.swift; path = cryptotrackerTests.swift; sourceTree = "<group>"; };
		B01A36141FC8A129007A02F5 /* Info.plist */ = {isa = PBXFileReference; lastKnownFileType = text.plist.xml; path = Info.plist; sourceTree = "<group>"; };
		B01A36191FC8A129007A02F5 /* cryptotrackerUITests.xctest */ = {isa = PBXFileReference; explicitFileType = wrapper.cfbundle; includeInIndex = 0; path = cryptotrackerUITests.xctest; sourceTree = BUILT_PRODUCTS_DIR; };
		B01A361D1FC8A129007A02F5 /* cryptotrackerUITests.swift */ = {isa = PBXFileReference; lastKnownFileType = sourcecode.swift; path = cryptotrackerUITests.swift; sourceTree = "<group>"; };
		B01A361F1FC8A129007A02F5 /* Info.plist */ = {isa = PBXFileReference; lastKnownFileType = text.plist.xml; path = Info.plist; sourceTree = "<group>"; };
		B0228B6E1FC8A614003D5B57 /* MarketViewController.swift */ = {isa = PBXFileReference; lastKnownFileType = sourcecode.swift; path = MarketViewController.swift; sourceTree = "<group>"; };
		B0228B701FC8A67D003D5B57 /* MyHoldingsViewController.swift */ = {isa = PBXFileReference; lastKnownFileType = sourcecode.swift; path = MyHoldingsViewController.swift; sourceTree = "<group>"; };
		B0228B731FC8AC01003D5B57 /* UIColor.swift */ = {isa = PBXFileReference; lastKnownFileType = sourcecode.swift; path = UIColor.swift; sourceTree = "<group>"; };
		B0228B771FC8DEC7003D5B57 /* CryptoCurrency.swift */ = {isa = PBXFileReference; lastKnownFileType = sourcecode.swift; path = CryptoCurrency.swift; sourceTree = "<group>"; };
		B02347041FC92CB1007E4438 /* PillView.swift */ = {isa = PBXFileReference; lastKnownFileType = sourcecode.swift; path = PillView.swift; sourceTree = "<group>"; };
		B02347061FC92CD0007E4438 /* MarketCell.swift */ = {isa = PBXFileReference; lastKnownFileType = sourcecode.swift; path = MarketCell.swift; sourceTree = "<group>"; };
		B02347081FC9353F007E4438 /* UIViewController.swift */ = {isa = PBXFileReference; lastKnownFileType = sourcecode.swift; path = UIViewController.swift; sourceTree = "<group>"; };
		B023470A1FC93A14007E4438 /* BlurLoadingViewController.swift */ = {isa = PBXFileReference; lastKnownFileType = sourcecode.swift; path = BlurLoadingViewController.swift; sourceTree = "<group>"; };
		B023470C1FC93A2B007E4438 /* Market Header View.swift */ = {isa = PBXFileReference; lastKnownFileType = sourcecode.swift; path = "Market Header View.swift"; sourceTree = "<group>"; };
		B023470E1FC94BFB007E4438 /* CryptoDetailCell.swift */ = {isa = PBXFileReference; lastKnownFileType = sourcecode.swift; path = CryptoDetailCell.swift; sourceTree = "<group>"; };
		B02347101FC94C1C007E4438 /* CryptoDetailViewController.swift */ = {isa = PBXFileReference; lastKnownFileType = sourcecode.swift; path = CryptoDetailViewController.swift; sourceTree = "<group>"; };
		B02347121FC95BEF007E4438 /* RealmCrudHelper.swift */ = {isa = PBXFileReference; lastKnownFileType = sourcecode.swift; path = RealmCrudHelper.swift; sourceTree = "<group>"; };
		B02347141FC95C38007E4438 /* CryptoCurrencyHelper.swift */ = {isa = PBXFileReference; lastKnownFileType = sourcecode.swift; path = CryptoCurrencyHelper.swift; sourceTree = "<group>"; };
		B02347161FCA0C28007E4438 /* NSNumerFormatter.swift */ = {isa = PBXFileReference; lastKnownFileType = sourcecode.swift; path = NSNumerFormatter.swift; sourceTree = "<group>"; };
		B02347181FD345E7007E4438 /* gears.json */ = {isa = PBXFileReference; lastKnownFileType = text.json; path = gears.json; sourceTree = "<group>"; };
		B0959D1A1FC8A3A10028F404 /* FontAwesomeHelper.swift */ = {isa = PBXFileReference; lastKnownFileType = sourcecode.swift; path = FontAwesomeHelper.swift; sourceTree = "<group>"; };
		B0B78A8B20FAB4B00012FD05 /* Double.swift */ = {isa = PBXFileReference; lastKnownFileType = sourcecode.swift; path = Double.swift; sourceTree = "<group>"; };
		B0B7AC962038DE0800FBE0C5 /* rejection.json */ = {isa = PBXFileReference; fileEncoding = 4; lastKnownFileType = text.json; path = rejection.json; sourceTree = "<group>"; };
		B0EFF6D320F6F90700A76633 /* CryptoCurrencyService.swift */ = {isa = PBXFileReference; lastKnownFileType = sourcecode.swift; path = CryptoCurrencyService.swift; sourceTree = "<group>"; };
		CE155306C2CCE8D06D359624 /* Pods-cryptotrackerUITests.release.xcconfig */ = {isa = PBXFileReference; includeInIndex = 1; lastKnownFileType = text.xcconfig; name = "Pods-cryptotrackerUITests.release.xcconfig"; path = "Pods/Target Support Files/Pods-cryptotrackerUITests/Pods-cryptotrackerUITests.release.xcconfig"; sourceTree = "<group>"; };
		D8BEB0F1EFDC20A100237532 /* Pods_cryptotracker.framework */ = {isa = PBXFileReference; explicitFileType = wrapper.framework; includeInIndex = 0; path = Pods_cryptotracker.framework; sourceTree = BUILT_PRODUCTS_DIR; };
		DC208158B57907E3F4655452 /* Pods-cryptotracker.release.xcconfig */ = {isa = PBXFileReference; includeInIndex = 1; lastKnownFileType = text.xcconfig; name = "Pods-cryptotracker.release.xcconfig"; path = "Pods/Target Support Files/Pods-cryptotracker/Pods-cryptotracker.release.xcconfig"; sourceTree = "<group>"; };
		E9D8B4A6FE2F686D407D6ECE /* Pods-cryptotracker.debug.xcconfig */ = {isa = PBXFileReference; includeInIndex = 1; lastKnownFileType = text.xcconfig; name = "Pods-cryptotracker.debug.xcconfig"; path = "Pods/Target Support Files/Pods-cryptotracker/Pods-cryptotracker.debug.xcconfig"; sourceTree = "<group>"; };
		F2B67DD15C5CBAFD450CF1EA /* Pods_cryptotrackerUITests.framework */ = {isa = PBXFileReference; explicitFileType = wrapper.framework; includeInIndex = 0; path = Pods_cryptotrackerUITests.framework; sourceTree = BUILT_PRODUCTS_DIR; };
/* End PBXFileReference section */

/* Begin PBXFrameworksBuildPhase section */
		B01A35F71FC8A129007A02F5 /* Frameworks */ = {
			isa = PBXFrameworksBuildPhase;
			buildActionMask = 2147483647;
			files = (
				64386CC2C81FEB4C8B52396E /* Pods_cryptotracker.framework in Frameworks */,
			);
			runOnlyForDeploymentPostprocessing = 0;
		};
		B01A360B1FC8A129007A02F5 /* Frameworks */ = {
			isa = PBXFrameworksBuildPhase;
			buildActionMask = 2147483647;
			files = (
				6CA0A4DA7D42A799AF65D36E /* Pods_cryptotrackerTests.framework in Frameworks */,
			);
			runOnlyForDeploymentPostprocessing = 0;
		};
		B01A36161FC8A129007A02F5 /* Frameworks */ = {
			isa = PBXFrameworksBuildPhase;
			buildActionMask = 2147483647;
			files = (
				EF538B0C2FFEA7D351E1C5C1 /* Pods_cryptotrackerUITests.framework in Frameworks */,
			);
			runOnlyForDeploymentPostprocessing = 0;
		};
/* End PBXFrameworksBuildPhase section */

/* Begin PBXGroup section */
		7765C6775EB763D557BF438B /* Pods */ = {
			isa = PBXGroup;
			children = (
				E9D8B4A6FE2F686D407D6ECE /* Pods-cryptotracker.debug.xcconfig */,
				DC208158B57907E3F4655452 /* Pods-cryptotracker.release.xcconfig */,
				84C5E547BB125DBA5C874E5A /* Pods-cryptotrackerTests.debug.xcconfig */,
				7B5A4B590D5EFBE7B07A3F11 /* Pods-cryptotrackerTests.release.xcconfig */,
				3DC8D882C2E78D40D10FE612 /* Pods-cryptotrackerUITests.debug.xcconfig */,
				CE155306C2CCE8D06D359624 /* Pods-cryptotrackerUITests.release.xcconfig */,
			);
			name = Pods;
			sourceTree = "<group>";
		};
		9856A03F9CC446ADA751ACBF /* Frameworks */ = {
			isa = PBXGroup;
			children = (
				D8BEB0F1EFDC20A100237532 /* Pods_cryptotracker.framework */,
				7C62E31BD26B89AC847C2CBF /* Pods_cryptotrackerTests.framework */,
				F2B67DD15C5CBAFD450CF1EA /* Pods_cryptotrackerUITests.framework */,
			);
			name = Frameworks;
			sourceTree = "<group>";
		};
		B01A35F11FC8A129007A02F5 = {
			isa = PBXGroup;
			children = (
				B01A35FC1FC8A129007A02F5 /* cryptotracker */,
				B01A36111FC8A129007A02F5 /* cryptotrackerTests */,
				B01A361C1FC8A129007A02F5 /* cryptotrackerUITests */,
				B01A35FB1FC8A129007A02F5 /* Products */,
				7765C6775EB763D557BF438B /* Pods */,
				9856A03F9CC446ADA751ACBF /* Frameworks */,
			);
			sourceTree = "<group>";
		};
		B01A35FB1FC8A129007A02F5 /* Products */ = {
			isa = PBXGroup;
			children = (
				B01A35FA1FC8A129007A02F5 /* cryptotracker.app */,
				B01A360E1FC8A129007A02F5 /* cryptotrackerTests.xctest */,
				B01A36191FC8A129007A02F5 /* cryptotrackerUITests.xctest */,
			);
			name = Products;
			sourceTree = "<group>";
		};
		B01A35FC1FC8A129007A02F5 /* cryptotracker */ = {
			isa = PBXGroup;
			children = (
				B01A36091FC8A129007A02F5 /* Info.plist */,
				B02347031FC92CA3007E4438 /* Views */,
				B0228B761FC8DEB6003D5B57 /* Models */,
				B0228B721FC8ABF7003D5B57 /* Extensions */,
				B0959D191FC8A2970028F404 /* Application */,
				B0959D171FC8A2650028F404 /* Controllers */,
				B0959D161FC8A2600028F404 /* Helpers */,
			);
			path = cryptotracker;
			sourceTree = "<group>";
		};
		B01A36111FC8A129007A02F5 /* cryptotrackerTests */ = {
			isa = PBXGroup;
			children = (
				B01A36121FC8A129007A02F5 /* cryptotrackerTests.swift */,
				B01A36141FC8A129007A02F5 /* Info.plist */,
			);
			path = cryptotrackerTests;
			sourceTree = "<group>";
		};
		B01A361C1FC8A129007A02F5 /* cryptotrackerUITests */ = {
			isa = PBXGroup;
			children = (
				B01A361D1FC8A129007A02F5 /* cryptotrackerUITests.swift */,
				B01A361F1FC8A129007A02F5 /* Info.plist */,
			);
			path = cryptotrackerUITests;
			sourceTree = "<group>";
		};
		B0228B721FC8ABF7003D5B57 /* Extensions */ = {
			isa = PBXGroup;
			children = (
				B0228B731FC8AC01003D5B57 /* UIColor.swift */,
				B02347081FC9353F007E4438 /* UIViewController.swift */,
				B0B78A8B20FAB4B00012FD05 /* Double.swift */,
			);
			path = Extensions;
			sourceTree = "<group>";
		};
		B0228B761FC8DEB6003D5B57 /* Models */ = {
			isa = PBXGroup;
			children = (
				B0228B771FC8DEC7003D5B57 /* CryptoCurrency.swift */,
			);
			path = Models;
			sourceTree = "<group>";
		};
		B02347031FC92CA3007E4438 /* Views */ = {
			isa = PBXGroup;
			children = (
				B02347041FC92CB1007E4438 /* PillView.swift */,
				B02347061FC92CD0007E4438 /* MarketCell.swift */,
				B023470C1FC93A2B007E4438 /* Market Header View.swift */,
				B023470E1FC94BFB007E4438 /* CryptoDetailCell.swift */,
			);
			path = Views;
			sourceTree = "<group>";
		};
		B0959D161FC8A2600028F404 /* Helpers */ = {
			isa = PBXGroup;
			children = (
				B0959D1A1FC8A3A10028F404 /* FontAwesomeHelper.swift */,
				B02347121FC95BEF007E4438 /* RealmCrudHelper.swift */,
				B02347141FC95C38007E4438 /* CryptoCurrencyHelper.swift */,
				B02347161FCA0C28007E4438 /* NSNumerFormatter.swift */,
				B0EFF6D320F6F90700A76633 /* CryptoCurrencyService.swift */,
			);
			path = Helpers;
			sourceTree = "<group>";
		};
		B0959D171FC8A2650028F404 /* Controllers */ = {
			isa = PBXGroup;
			children = (
				B01A35FF1FC8A129007A02F5 /* RootTabViewController.swift */,
				B0228B6E1FC8A614003D5B57 /* MarketViewController.swift */,
				B0228B701FC8A67D003D5B57 /* MyHoldingsViewController.swift */,
				B023470A1FC93A14007E4438 /* BlurLoadingViewController.swift */,
				B02347101FC94C1C007E4438 /* CryptoDetailViewController.swift */,
			);
			path = Controllers;
			sourceTree = "<group>";
		};
		B0959D191FC8A2970028F404 /* Application */ = {
			isa = PBXGroup;
			children = (
				B01A36061FC8A129007A02F5 /* LaunchScreen.storyboard */,
				B01A35FD1FC8A129007A02F5 /* AppDelegate.swift */,
				B01A36041FC8A129007A02F5 /* Assets.xcassets */,
				B02347181FD345E7007E4438 /* gears.json */,
				B0B7AC962038DE0800FBE0C5 /* rejection.json */,
			);
			path = Application;
			sourceTree = "<group>";
		};
/* End PBXGroup section */

/* Begin PBXNativeTarget section */
		B01A35F91FC8A129007A02F5 /* cryptotracker */ = {
			isa = PBXNativeTarget;
			buildConfigurationList = B01A36221FC8A129007A02F5 /* Build configuration list for PBXNativeTarget "cryptotracker" */;
			buildPhases = (
				815EB368258335C712FAAA43 /* [CP] Check Pods Manifest.lock */,
				B01A35F61FC8A129007A02F5 /* Sources */,
				B01A35F71FC8A129007A02F5 /* Frameworks */,
				B01A35F81FC8A129007A02F5 /* Resources */,
				1EC4CFBF9178976CBC51E09E /* [CP] Embed Pods Frameworks */,
			);
			buildRules = (
			);
			dependencies = (
			);
			name = cryptotracker;
			productName = cryptotracker;
			productReference = B01A35FA1FC8A129007A02F5 /* cryptotracker.app */;
			productType = "com.apple.product-type.application";
		};
		B01A360D1FC8A129007A02F5 /* cryptotrackerTests */ = {
			isa = PBXNativeTarget;
			buildConfigurationList = B01A36251FC8A129007A02F5 /* Build configuration list for PBXNativeTarget "cryptotrackerTests" */;
			buildPhases = (
				A3A9C2B75CE54F55D0A4ECE7 /* [CP] Check Pods Manifest.lock */,
				B01A360A1FC8A129007A02F5 /* Sources */,
				B01A360B1FC8A129007A02F5 /* Frameworks */,
				B01A360C1FC8A129007A02F5 /* Resources */,
			);
			buildRules = (
			);
			dependencies = (
				B01A36101FC8A129007A02F5 /* PBXTargetDependency */,
			);
			name = cryptotrackerTests;
			productName = cryptotrackerTests;
			productReference = B01A360E1FC8A129007A02F5 /* cryptotrackerTests.xctest */;
			productType = "com.apple.product-type.bundle.unit-test";
		};
		B01A36181FC8A129007A02F5 /* cryptotrackerUITests */ = {
			isa = PBXNativeTarget;
			buildConfigurationList = B01A36281FC8A129007A02F5 /* Build configuration list for PBXNativeTarget "cryptotrackerUITests" */;
			buildPhases = (
				31D9BAE415D694841FF6D092 /* [CP] Check Pods Manifest.lock */,
				B01A36151FC8A129007A02F5 /* Sources */,
				B01A36161FC8A129007A02F5 /* Frameworks */,
				B01A36171FC8A129007A02F5 /* Resources */,
			);
			buildRules = (
			);
			dependencies = (
				B01A361B1FC8A129007A02F5 /* PBXTargetDependency */,
			);
			name = cryptotrackerUITests;
			productName = cryptotrackerUITests;
			productReference = B01A36191FC8A129007A02F5 /* cryptotrackerUITests.xctest */;
			productType = "com.apple.product-type.bundle.ui-testing";
		};
/* End PBXNativeTarget section */

/* Begin PBXProject section */
		B01A35F21FC8A129007A02F5 /* Project object */ = {
			isa = PBXProject;
			attributes = {
				LastSwiftUpdateCheck = 0910;
				LastUpgradeCheck = 0910;
				ORGANIZATIONNAME = "Alexander Murphy";
				TargetAttributes = {
					B01A35F91FC8A129007A02F5 = {
						CreatedOnToolsVersion = 9.1;
						ProvisioningStyle = Automatic;
					};
					B01A360D1FC8A129007A02F5 = {
						CreatedOnToolsVersion = 9.1;
						ProvisioningStyle = Automatic;
						TestTargetID = B01A35F91FC8A129007A02F5;
					};
					B01A36181FC8A129007A02F5 = {
						CreatedOnToolsVersion = 9.1;
						ProvisioningStyle = Automatic;
						TestTargetID = B01A35F91FC8A129007A02F5;
					};
				};
			};
			buildConfigurationList = B01A35F51FC8A129007A02F5 /* Build configuration list for PBXProject "cryptotracker" */;
			compatibilityVersion = "Xcode 8.0";
			developmentRegion = en;
			hasScannedForEncodings = 0;
			knownRegions = (
				en,
				Base,
			);
			mainGroup = B01A35F11FC8A129007A02F5;
			productRefGroup = B01A35FB1FC8A129007A02F5 /* Products */;
			projectDirPath = "";
			projectRoot = "";
			targets = (
				B01A35F91FC8A129007A02F5 /* cryptotracker */,
				B01A360D1FC8A129007A02F5 /* cryptotrackerTests */,
				B01A36181FC8A129007A02F5 /* cryptotrackerUITests */,
			);
		};
/* End PBXProject section */

/* Begin PBXResourcesBuildPhase section */
		B01A35F81FC8A129007A02F5 /* Resources */ = {
			isa = PBXResourcesBuildPhase;
			buildActionMask = 2147483647;
			files = (
				B02347191FD345E7007E4438 /* gears.json in Resources */,
				B0B7AC972038DE0800FBE0C5 /* rejection.json in Resources */,
				B01A36081FC8A129007A02F5 /* LaunchScreen.storyboard in Resources */,
				B01A36051FC8A129007A02F5 /* Assets.xcassets in Resources */,
			);
			runOnlyForDeploymentPostprocessing = 0;
		};
		B01A360C1FC8A129007A02F5 /* Resources */ = {
			isa = PBXResourcesBuildPhase;
			buildActionMask = 2147483647;
			files = (
			);
			runOnlyForDeploymentPostprocessing = 0;
		};
		B01A36171FC8A129007A02F5 /* Resources */ = {
			isa = PBXResourcesBuildPhase;
			buildActionMask = 2147483647;
			files = (
			);
			runOnlyForDeploymentPostprocessing = 0;
		};
/* End PBXResourcesBuildPhase section */

/* Begin PBXShellScriptBuildPhase section */
		1EC4CFBF9178976CBC51E09E /* [CP] Embed Pods Frameworks */ = {
			isa = PBXShellScriptBuildPhase;
			buildActionMask = 2147483647;
			files = (
			);
			inputPaths = (
				"${SRCROOT}/Pods/Target Support Files/Pods-cryptotracker/Pods-cryptotracker-frameworks.sh",
				"${BUILT_PRODUCTS_DIR}/Anchorage/Anchorage.framework",
				"${BUILT_PRODUCTS_DIR}/FontAwesome.swift/FontAwesome_swift.framework",
				"${BUILT_PRODUCTS_DIR}/HydraAsync/Hydra.framework",
				"${BUILT_PRODUCTS_DIR}/Realm/Realm.framework",
				"${BUILT_PRODUCTS_DIR}/RealmSwift/RealmSwift.framework",
				"${BUILT_PRODUCTS_DIR}/RxRealm/RxRealm.framework",
				"${BUILT_PRODUCTS_DIR}/RxSwift/RxSwift.framework",
				"${BUILT_PRODUCTS_DIR}/SDWebImage/SDWebImage.framework",
				"${BUILT_PRODUCTS_DIR}/lottie-ios/Lottie.framework",
			);
			name = "[CP] Embed Pods Frameworks";
			outputPaths = (
				"${TARGET_BUILD_DIR}/${FRAMEWORKS_FOLDER_PATH}/Anchorage.framework",
				"${TARGET_BUILD_DIR}/${FRAMEWORKS_FOLDER_PATH}/FontAwesome_swift.framework",
				"${TARGET_BUILD_DIR}/${FRAMEWORKS_FOLDER_PATH}/Hydra.framework",
				"${TARGET_BUILD_DIR}/${FRAMEWORKS_FOLDER_PATH}/Realm.framework",
				"${TARGET_BUILD_DIR}/${FRAMEWORKS_FOLDER_PATH}/RealmSwift.framework",
				"${TARGET_BUILD_DIR}/${FRAMEWORKS_FOLDER_PATH}/RxRealm.framework",
				"${TARGET_BUILD_DIR}/${FRAMEWORKS_FOLDER_PATH}/RxSwift.framework",
				"${TARGET_BUILD_DIR}/${FRAMEWORKS_FOLDER_PATH}/SDWebImage.framework",
				"${TARGET_BUILD_DIR}/${FRAMEWORKS_FOLDER_PATH}/Lottie.framework",
			);
			runOnlyForDeploymentPostprocessing = 0;
			shellPath = /bin/sh;
			shellScript = "\"${SRCROOT}/Pods/Target Support Files/Pods-cryptotracker/Pods-cryptotracker-frameworks.sh\"\n";
			showEnvVarsInLog = 0;
		};
		31D9BAE415D694841FF6D092 /* [CP] Check Pods Manifest.lock */ = {
			isa = PBXShellScriptBuildPhase;
			buildActionMask = 2147483647;
			files = (
			);
			inputPaths = (
				"${PODS_PODFILE_DIR_PATH}/Podfile.lock",
				"${PODS_ROOT}/Manifest.lock",
			);
			name = "[CP] Check Pods Manifest.lock";
			outputPaths = (
				"$(DERIVED_FILE_DIR)/Pods-cryptotrackerUITests-checkManifestLockResult.txt",
			);
			runOnlyForDeploymentPostprocessing = 0;
			shellPath = /bin/sh;
			shellScript = "diff \"${PODS_PODFILE_DIR_PATH}/Podfile.lock\" \"${PODS_ROOT}/Manifest.lock\" > /dev/null\nif [ $? != 0 ] ; then\n    # print error to STDERR\n    echo \"error: The sandbox is not in sync with the Podfile.lock. Run 'pod install' or update your CocoaPods installation.\" >&2\n    exit 1\nfi\n# This output is used by Xcode 'outputs' to avoid re-running this script phase.\necho \"SUCCESS\" > \"${SCRIPT_OUTPUT_FILE_0}\"\n";
			showEnvVarsInLog = 0;
		};
		815EB368258335C712FAAA43 /* [CP] Check Pods Manifest.lock */ = {
			isa = PBXShellScriptBuildPhase;
			buildActionMask = 2147483647;
			files = (
			);
			inputPaths = (
				"${PODS_PODFILE_DIR_PATH}/Podfile.lock",
				"${PODS_ROOT}/Manifest.lock",
			);
			name = "[CP] Check Pods Manifest.lock";
			outputPaths = (
				"$(DERIVED_FILE_DIR)/Pods-cryptotracker-checkManifestLockResult.txt",
			);
			runOnlyForDeploymentPostprocessing = 0;
			shellPath = /bin/sh;
			shellScript = "diff \"${PODS_PODFILE_DIR_PATH}/Podfile.lock\" \"${PODS_ROOT}/Manifest.lock\" > /dev/null\nif [ $? != 0 ] ; then\n    # print error to STDERR\n    echo \"error: The sandbox is not in sync with the Podfile.lock. Run 'pod install' or update your CocoaPods installation.\" >&2\n    exit 1\nfi\n# This output is used by Xcode 'outputs' to avoid re-running this script phase.\necho \"SUCCESS\" > \"${SCRIPT_OUTPUT_FILE_0}\"\n";
			showEnvVarsInLog = 0;
		};
		A3A9C2B75CE54F55D0A4ECE7 /* [CP] Check Pods Manifest.lock */ = {
			isa = PBXShellScriptBuildPhase;
			buildActionMask = 2147483647;
			files = (
			);
			inputPaths = (
				"${PODS_PODFILE_DIR_PATH}/Podfile.lock",
				"${PODS_ROOT}/Manifest.lock",
			);
			name = "[CP] Check Pods Manifest.lock";
			outputPaths = (
				"$(DERIVED_FILE_DIR)/Pods-cryptotrackerTests-checkManifestLockResult.txt",
			);
			runOnlyForDeploymentPostprocessing = 0;
			shellPath = /bin/sh;
			shellScript = "diff \"${PODS_PODFILE_DIR_PATH}/Podfile.lock\" \"${PODS_ROOT}/Manifest.lock\" > /dev/null\nif [ $? != 0 ] ; then\n    # print error to STDERR\n    echo \"error: The sandbox is not in sync with the Podfile.lock. Run 'pod install' or update your CocoaPods installation.\" >&2\n    exit 1\nfi\n# This output is used by Xcode 'outputs' to avoid re-running this script phase.\necho \"SUCCESS\" > \"${SCRIPT_OUTPUT_FILE_0}\"\n";
			showEnvVarsInLog = 0;
		};
/* End PBXShellScriptBuildPhase section */

/* Begin PBXSourcesBuildPhase section */
		B01A35F61FC8A129007A02F5 /* Sources */ = {
			isa = PBXSourcesBuildPhase;
			buildActionMask = 2147483647;
			files = (
				B0228B6F1FC8A614003D5B57 /* MarketViewController.swift in Sources */,
				B0EFF6D420F6F90700A76633 /* CryptoCurrencyService.swift in Sources */,
				B02347151FC95C38007E4438 /* CryptoCurrencyHelper.swift in Sources */,
				B02347171FCA0C28007E4438 /* NSNumerFormatter.swift in Sources */,
				B0228B741FC8AC01003D5B57 /* UIColor.swift in Sources */,
				B01A36001FC8A129007A02F5 /* RootTabViewController.swift in Sources */,
				B02347071FC92CD0007E4438 /* MarketCell.swift in Sources */,
				B02347091FC9353F007E4438 /* UIViewController.swift in Sources */,
				B0228B781FC8DEC7003D5B57 /* CryptoCurrency.swift in Sources */,
				B0B78A8C20FAB4B00012FD05 /* Double.swift in Sources */,
				B0228B711FC8A67D003D5B57 /* MyHoldingsViewController.swift in Sources */,
				B02347051FC92CB1007E4438 /* PillView.swift in Sources */,
				B023470F1FC94BFB007E4438 /* CryptoDetailCell.swift in Sources */,
				B01A35FE1FC8A129007A02F5 /* AppDelegate.swift in Sources */,
				B02347131FC95BEF007E4438 /* RealmCrudHelper.swift in Sources */,
				B02347111FC94C1C007E4438 /* CryptoDetailViewController.swift in Sources */,
				B023470B1FC93A14007E4438 /* BlurLoadingViewController.swift in Sources */,
				B0959D1B1FC8A3A10028F404 /* FontAwesomeHelper.swift in Sources */,
				B023470D1FC93A2B007E4438 /* Market Header View.swift in Sources */,
			);
			runOnlyForDeploymentPostprocessing = 0;
		};
		B01A360A1FC8A129007A02F5 /* Sources */ = {
			isa = PBXSourcesBuildPhase;
			buildActionMask = 2147483647;
			files = (
				B01A36131FC8A129007A02F5 /* cryptotrackerTests.swift in Sources */,
			);
			runOnlyForDeploymentPostprocessing = 0;
		};
		B01A36151FC8A129007A02F5 /* Sources */ = {
			isa = PBXSourcesBuildPhase;
			buildActionMask = 2147483647;
			files = (
				B01A361E1FC8A129007A02F5 /* cryptotrackerUITests.swift in Sources */,
			);
			runOnlyForDeploymentPostprocessing = 0;
		};
/* End PBXSourcesBuildPhase section */

/* Begin PBXTargetDependency section */
		B01A36101FC8A129007A02F5 /* PBXTargetDependency */ = {
			isa = PBXTargetDependency;
			target = B01A35F91FC8A129007A02F5 /* cryptotracker */;
			targetProxy = B01A360F1FC8A129007A02F5 /* PBXContainerItemProxy */;
		};
		B01A361B1FC8A129007A02F5 /* PBXTargetDependency */ = {
			isa = PBXTargetDependency;
			target = B01A35F91FC8A129007A02F5 /* cryptotracker */;
			targetProxy = B01A361A1FC8A129007A02F5 /* PBXContainerItemProxy */;
		};
/* End PBXTargetDependency section */

/* Begin PBXVariantGroup section */
		B01A36061FC8A129007A02F5 /* LaunchScreen.storyboard */ = {
			isa = PBXVariantGroup;
			children = (
				B01A36071FC8A129007A02F5 /* Base */,
			);
			name = LaunchScreen.storyboard;
			sourceTree = "<group>";
		};
/* End PBXVariantGroup section */

/* Begin XCBuildConfiguration section */
		B01A36201FC8A129007A02F5 /* Debug */ = {
			isa = XCBuildConfiguration;
			buildSettings = {
				ALWAYS_SEARCH_USER_PATHS = NO;
				CLANG_ANALYZER_NONNULL = YES;
				CLANG_ANALYZER_NUMBER_OBJECT_CONVERSION = YES_AGGRESSIVE;
				CLANG_CXX_LANGUAGE_STANDARD = "gnu++14";
				CLANG_CXX_LIBRARY = "libc++";
				CLANG_ENABLE_MODULES = YES;
				CLANG_ENABLE_OBJC_ARC = YES;
				CLANG_WARN_BLOCK_CAPTURE_AUTORELEASING = YES;
				CLANG_WARN_BOOL_CONVERSION = YES;
				CLANG_WARN_COMMA = YES;
				CLANG_WARN_CONSTANT_CONVERSION = YES;
				CLANG_WARN_DIRECT_OBJC_ISA_USAGE = YES_ERROR;
				CLANG_WARN_DOCUMENTATION_COMMENTS = YES;
				CLANG_WARN_EMPTY_BODY = YES;
				CLANG_WARN_ENUM_CONVERSION = YES;
				CLANG_WARN_INFINITE_RECURSION = YES;
				CLANG_WARN_INT_CONVERSION = YES;
				CLANG_WARN_NON_LITERAL_NULL_CONVERSION = YES;
				CLANG_WARN_OBJC_LITERAL_CONVERSION = YES;
				CLANG_WARN_OBJC_ROOT_CLASS = YES_ERROR;
				CLANG_WARN_RANGE_LOOP_ANALYSIS = YES;
				CLANG_WARN_STRICT_PROTOTYPES = YES;
				CLANG_WARN_SUSPICIOUS_MOVE = YES;
				CLANG_WARN_UNGUARDED_AVAILABILITY = YES_AGGRESSIVE;
				CLANG_WARN_UNREACHABLE_CODE = YES;
				CLANG_WARN__DUPLICATE_METHOD_MATCH = YES;
				CODE_SIGN_IDENTITY = "iPhone Developer";
				COPY_PHASE_STRIP = NO;
				DEBUG_INFORMATION_FORMAT = dwarf;
				ENABLE_STRICT_OBJC_MSGSEND = YES;
				ENABLE_TESTABILITY = YES;
				GCC_C_LANGUAGE_STANDARD = gnu11;
				GCC_DYNAMIC_NO_PIC = NO;
				GCC_NO_COMMON_BLOCKS = YES;
				GCC_OPTIMIZATION_LEVEL = 0;
				GCC_PREPROCESSOR_DEFINITIONS = (
					"DEBUG=1",
					"$(inherited)",
				);
				GCC_WARN_64_TO_32_BIT_CONVERSION = YES;
				GCC_WARN_ABOUT_RETURN_TYPE = YES_ERROR;
				GCC_WARN_UNDECLARED_SELECTOR = YES;
				GCC_WARN_UNINITIALIZED_AUTOS = YES_AGGRESSIVE;
				GCC_WARN_UNUSED_FUNCTION = YES;
				GCC_WARN_UNUSED_VARIABLE = YES;
				IPHONEOS_DEPLOYMENT_TARGET = 11.1;
				MTL_ENABLE_DEBUG_INFO = YES;
				ONLY_ACTIVE_ARCH = YES;
				SDKROOT = iphoneos;
				SWIFT_ACTIVE_COMPILATION_CONDITIONS = DEBUG;
				SWIFT_OPTIMIZATION_LEVEL = "-Onone";
			};
			name = Debug;
		};
		B01A36211FC8A129007A02F5 /* Release */ = {
			isa = XCBuildConfiguration;
			buildSettings = {
				ALWAYS_SEARCH_USER_PATHS = NO;
				CLANG_ANALYZER_NONNULL = YES;
				CLANG_ANALYZER_NUMBER_OBJECT_CONVERSION = YES_AGGRESSIVE;
				CLANG_CXX_LANGUAGE_STANDARD = "gnu++14";
				CLANG_CXX_LIBRARY = "libc++";
				CLANG_ENABLE_MODULES = YES;
				CLANG_ENABLE_OBJC_ARC = YES;
				CLANG_WARN_BLOCK_CAPTURE_AUTORELEASING = YES;
				CLANG_WARN_BOOL_CONVERSION = YES;
				CLANG_WARN_COMMA = YES;
				CLANG_WARN_CONSTANT_CONVERSION = YES;
				CLANG_WARN_DIRECT_OBJC_ISA_USAGE = YES_ERROR;
				CLANG_WARN_DOCUMENTATION_COMMENTS = YES;
				CLANG_WARN_EMPTY_BODY = YES;
				CLANG_WARN_ENUM_CONVERSION = YES;
				CLANG_WARN_INFINITE_RECURSION = YES;
				CLANG_WARN_INT_CONVERSION = YES;
				CLANG_WARN_NON_LITERAL_NULL_CONVERSION = YES;
				CLANG_WARN_OBJC_LITERAL_CONVERSION = YES;
				CLANG_WARN_OBJC_ROOT_CLASS = YES_ERROR;
				CLANG_WARN_RANGE_LOOP_ANALYSIS = YES;
				CLANG_WARN_STRICT_PROTOTYPES = YES;
				CLANG_WARN_SUSPICIOUS_MOVE = YES;
				CLANG_WARN_UNGUARDED_AVAILABILITY = YES_AGGRESSIVE;
				CLANG_WARN_UNREACHABLE_CODE = YES;
				CLANG_WARN__DUPLICATE_METHOD_MATCH = YES;
				CODE_SIGN_IDENTITY = "iPhone Developer";
				COPY_PHASE_STRIP = NO;
				DEBUG_INFORMATION_FORMAT = "dwarf-with-dsym";
				ENABLE_NS_ASSERTIONS = NO;
				ENABLE_STRICT_OBJC_MSGSEND = YES;
				GCC_C_LANGUAGE_STANDARD = gnu11;
				GCC_NO_COMMON_BLOCKS = YES;
				GCC_WARN_64_TO_32_BIT_CONVERSION = YES;
				GCC_WARN_ABOUT_RETURN_TYPE = YES_ERROR;
				GCC_WARN_UNDECLARED_SELECTOR = YES;
				GCC_WARN_UNINITIALIZED_AUTOS = YES_AGGRESSIVE;
				GCC_WARN_UNUSED_FUNCTION = YES;
				GCC_WARN_UNUSED_VARIABLE = YES;
				IPHONEOS_DEPLOYMENT_TARGET = 11.1;
				MTL_ENABLE_DEBUG_INFO = NO;
				SDKROOT = iphoneos;
				SWIFT_OPTIMIZATION_LEVEL = "-Owholemodule";
				VALIDATE_PRODUCT = YES;
			};
			name = Release;
		};
		B01A36231FC8A129007A02F5 /* Debug */ = {
			isa = XCBuildConfiguration;
			baseConfigurationReference = E9D8B4A6FE2F686D407D6ECE /* Pods-cryptotracker.debug.xcconfig */;
			buildSettings = {
				ASSETCATALOG_COMPILER_APPICON_NAME = AppIcon;
				CODE_SIGN_IDENTITY = "iPhone Developer";
				CODE_SIGN_STYLE = Automatic;
				DEVELOPMENT_TEAM = 9L49SS68XP;
				INFOPLIST_FILE = cryptotracker/Info.plist;
				LD_RUNPATH_SEARCH_PATHS = "$(inherited) @executable_path/Frameworks";
				PRODUCT_BUNDLE_IDENTIFIER = com.thexande.cryptotracker;
				PRODUCT_NAME = "$(TARGET_NAME)";
				PROVISIONING_PROFILE_SPECIFIER = "";
				SWIFT_VERSION = 4.0;
				TARGETED_DEVICE_FAMILY = "1,2";
			};
			name = Debug;
		};
		B01A36241FC8A129007A02F5 /* Release */ = {
			isa = XCBuildConfiguration;
			baseConfigurationReference = DC208158B57907E3F4655452 /* Pods-cryptotracker.release.xcconfig */;
			buildSettings = {
				ASSETCATALOG_COMPILER_APPICON_NAME = AppIcon;
				CODE_SIGN_IDENTITY = "iPhone Developer";
				CODE_SIGN_STYLE = Automatic;
				DEVELOPMENT_TEAM = 9L49SS68XP;
				INFOPLIST_FILE = cryptotracker/Info.plist;
				LD_RUNPATH_SEARCH_PATHS = "$(inherited) @executable_path/Frameworks";
				PRODUCT_BUNDLE_IDENTIFIER = com.thexande.cryptotracker;
				PRODUCT_NAME = "$(TARGET_NAME)";
				PROVISIONING_PROFILE_SPECIFIER = "";
				SWIFT_VERSION = 4.0;
				TARGETED_DEVICE_FAMILY = "1,2";
			};
			name = Release;
		};
		B01A36261FC8A129007A02F5 /* Debug */ = {
			isa = XCBuildConfiguration;
			baseConfigurationReference = 84C5E547BB125DBA5C874E5A /* Pods-cryptotrackerTests.debug.xcconfig */;
			buildSettings = {
				ALWAYS_EMBED_SWIFT_STANDARD_LIBRARIES = YES;
				BUNDLE_LOADER = "$(TEST_HOST)";
				CODE_SIGN_STYLE = Automatic;
				DEVELOPMENT_TEAM = 9L49SS68XP;
				INFOPLIST_FILE = cryptotrackerTests/Info.plist;
				LD_RUNPATH_SEARCH_PATHS = "$(inherited) @executable_path/Frameworks @loader_path/Frameworks";
				PRODUCT_BUNDLE_IDENTIFIER = com.thexande.cryptotrackerTests;
				PRODUCT_NAME = "$(TARGET_NAME)";
				SWIFT_VERSION = 4.0;
				TARGETED_DEVICE_FAMILY = "1,2";
				TEST_HOST = "$(BUILT_PRODUCTS_DIR)/cryptotracker.app/cryptotracker";
			};
			name = Debug;
		};
		B01A36271FC8A129007A02F5 /* Release */ = {
			isa = XCBuildConfiguration;
			baseConfigurationReference = 7B5A4B590D5EFBE7B07A3F11 /* Pods-cryptotrackerTests.release.xcconfig */;
			buildSettings = {
				ALWAYS_EMBED_SWIFT_STANDARD_LIBRARIES = YES;
				BUNDLE_LOADER = "$(TEST_HOST)";
				CODE_SIGN_STYLE = Automatic;
				DEVELOPMENT_TEAM = 9L49SS68XP;
				INFOPLIST_FILE = cryptotrackerTests/Info.plist;
				LD_RUNPATH_SEARCH_PATHS = "$(inherited) @executable_path/Frameworks @loader_path/Frameworks";
				PRODUCT_BUNDLE_IDENTIFIER = com.thexande.cryptotrackerTests;
				PRODUCT_NAME = "$(TARGET_NAME)";
				SWIFT_VERSION = 4.0;
				TARGETED_DEVICE_FAMILY = "1,2";
				TEST_HOST = "$(BUILT_PRODUCTS_DIR)/cryptotracker.app/cryptotracker";
			};
			name = Release;
		};
		B01A36291FC8A129007A02F5 /* Debug */ = {
			isa = XCBuildConfiguration;
			baseConfigurationReference = 3DC8D882C2E78D40D10FE612 /* Pods-cryptotrackerUITests.debug.xcconfig */;
			buildSettings = {
				ALWAYS_EMBED_SWIFT_STANDARD_LIBRARIES = YES;
				CODE_SIGN_STYLE = Automatic;
				INFOPLIST_FILE = cryptotrackerUITests/Info.plist;
				LD_RUNPATH_SEARCH_PATHS = "$(inherited) @executable_path/Frameworks @loader_path/Frameworks";
				PRODUCT_BUNDLE_IDENTIFIER = com.thexande.cryptotrackerUITests;
				PRODUCT_NAME = "$(TARGET_NAME)";
				SWIFT_VERSION = 4.0;
				TARGETED_DEVICE_FAMILY = "1,2";
				TEST_TARGET_NAME = cryptotracker;
			};
			name = Debug;
		};
		B01A362A1FC8A129007A02F5 /* Release */ = {
			isa = XCBuildConfiguration;
			baseConfigurationReference = CE155306C2CCE8D06D359624 /* Pods-cryptotrackerUITests.release.xcconfig */;
			buildSettings = {
				ALWAYS_EMBED_SWIFT_STANDARD_LIBRARIES = YES;
				CODE_SIGN_STYLE = Automatic;
				INFOPLIST_FILE = cryptotrackerUITests/Info.plist;
				LD_RUNPATH_SEARCH_PATHS = "$(inherited) @executable_path/Frameworks @loader_path/Frameworks";
				PRODUCT_BUNDLE_IDENTIFIER = com.thexande.cryptotrackerUITests;
				PRODUCT_NAME = "$(TARGET_NAME)";
				SWIFT_VERSION = 4.0;
				TARGETED_DEVICE_FAMILY = "1,2";
				TEST_TARGET_NAME = cryptotracker;
			};
			name = Release;
		};
/* End XCBuildConfiguration section */

/* Begin XCConfigurationList section */
		B01A35F51FC8A129007A02F5 /* Build configuration list for PBXProject "cryptotracker" */ = {
			isa = XCConfigurationList;
			buildConfigurations = (
				B01A36201FC8A129007A02F5 /* Debug */,
				B01A36211FC8A129007A02F5 /* Release */,
			);
			defaultConfigurationIsVisible = 0;
			defaultConfigurationName = Release;
		};
		B01A36221FC8A129007A02F5 /* Build configuration list for PBXNativeTarget "cryptotracker" */ = {
			isa = XCConfigurationList;
			buildConfigurations = (
				B01A36231FC8A129007A02F5 /* Debug */,
				B01A36241FC8A129007A02F5 /* Release */,
			);
			defaultConfigurationIsVisible = 0;
			defaultConfigurationName = Release;
		};
		B01A36251FC8A129007A02F5 /* Build configuration list for PBXNativeTarget "cryptotrackerTests" */ = {
			isa = XCConfigurationList;
			buildConfigurations = (
				B01A36261FC8A129007A02F5 /* Debug */,
				B01A36271FC8A129007A02F5 /* Release */,
			);
			defaultConfigurationIsVisible = 0;
			defaultConfigurationName = Release;
		};
		B01A36281FC8A129007A02F5 /* Build configuration list for PBXNativeTarget "cryptotrackerUITests" */ = {
			isa = XCConfigurationList;
			buildConfigurations = (
				B01A36291FC8A129007A02F5 /* Debug */,
				B01A362A1FC8A129007A02F5 /* Release */,
			);
			defaultConfigurationIsVisible = 0;
			defaultConfigurationName = Release;
		};
/* End XCConfigurationList section */
	};
	rootObject = B01A35F21FC8A129007A02F5 /* Project object */;
}
